// !$*UTF8*$!
{
	archiveVersion = 1;
	classes = {
	};
	objectVersion = 50;
	objects = {

/* Begin PBXBuildFile section */
		8F5666FE240300D5000B6DEB /* AppDelegate.swift in Sources */ = {isa = PBXBuildFile; fileRef = 8F5666FD240300D5000B6DEB /* AppDelegate.swift */; };
		8F566700240300D5000B6DEB /* SceneDelegate.swift in Sources */ = {isa = PBXBuildFile; fileRef = 8F5666FF240300D5000B6DEB /* SceneDelegate.swift */; };
		8F566702240300D5000B6DEB /* ViewController.swift in Sources */ = {isa = PBXBuildFile; fileRef = 8F566701240300D5000B6DEB /* ViewController.swift */; };
		8F566705240300D5000B6DEB /* Main.storyboard in Resources */ = {isa = PBXBuildFile; fileRef = 8F566703240300D5000B6DEB /* Main.storyboard */; };
		8F566707240300D7000B6DEB /* Assets.xcassets in Resources */ = {isa = PBXBuildFile; fileRef = 8F566706240300D7000B6DEB /* Assets.xcassets */; };
		8F56670A240300D7000B6DEB /* LaunchScreen.storyboard in Resources */ = {isa = PBXBuildFile; fileRef = 8F566708240300D7000B6DEB /* LaunchScreen.storyboard */; };
/* End PBXBuildFile section */

/* Begin PBXFileReference section */
		8F5666FA240300D5000B6DEB /* Conversores.app */ = {isa = PBXFileReference; explicitFileType = wrapper.application; includeInIndex = 0; path = Conversores.app; sourceTree = BUILT_PRODUCTS_DIR; };
		8F5666FD240300D5000B6DEB /* AppDelegate.swift */ = {isa = PBXFileReference; lastKnownFileType = sourcecode.swift; path = AppDelegate.swift; sourceTree = "<group>"; };
		8F5666FF240300D5000B6DEB /* SceneDelegate.swift */ = {isa = PBXFileReference; lastKnownFileType = sourcecode.swift; path = SceneDelegate.swift; sourceTree = "<group>"; };
		8F566701240300D5000B6DEB /* ViewController.swift */ = {isa = PBXFileReference; lastKnownFileType = sourcecode.swift; path = ViewController.swift; sourceTree = "<group>"; };
		8F566704240300D5000B6DEB /* Base */ = {isa = PBXFileReference; lastKnownFileType = file.storyboard; name = Base; path = Base.lproj/Main.storyboard; sourceTree = "<group>"; };
		8F566706240300D7000B6DEB /* Assets.xcassets */ = {isa = PBXFileReference; lastKnownFileType = folder.assetcatalog; path = Assets.xcassets; sourceTree = "<group>"; };
		8F566709240300D7000B6DEB /* Base */ = {isa = PBXFileReference; lastKnownFileType = file.storyboard; name = Base; path = Base.lproj/LaunchScreen.storyboard; sourceTree = "<group>"; };
		8F56670B240300D7000B6DEB /* Info.plist */ = {isa = PBXFileReference; lastKnownFileType = text.plist.xml; path = Info.plist; sourceTree = "<group>"; };
/* End PBXFileReference section */

/* Begin PBXFrameworksBuildPhase section */
		8F5666F7240300D5000B6DEB /* Frameworks */ = {
			isa = PBXFrameworksBuildPhase;
			buildActionMask = 2147483647;
			files = (
			);
			runOnlyForDeploymentPostprocessing = 0;
		};
/* End PBXFrameworksBuildPhase section */

/* Begin PBXGroup section */
		8F5666F1240300D5000B6DEB = {
			isa = PBXGroup;
			children = (
				8F5666FC240300D5000B6DEB /* Conversores */,
				8F5666FB240300D5000B6DEB /* Products */,
			);
			sourceTree = "<group>";
		};
		8F5666FB240300D5000B6DEB /* Products */ = {
			isa = PBXGroup;
			children = (
				8F5666FA240300D5000B6DEB /* Conversores.app */,
			);
			name = Products;
			sourceTree = "<group>";
		};
		8F5666FC240300D5000B6DEB /* Conversores */ = {
			isa = PBXGroup;
			children = (
				8F5666FD240300D5000B6DEB /* AppDelegate.swift */,
				8F5666FF240300D5000B6DEB /* SceneDelegate.swift */,
				8F566701240300D5000B6DEB /* ViewController.swift */,
				8F566703240300D5000B6DEB /* Main.storyboard */,
				8F566706240300D7000B6DEB /* Assets.xcassets */,
				8F566708240300D7000B6DEB /* LaunchScreen.storyboard */,
				8F56670B240300D7000B6DEB /* Info.plist */,
			);
			path = Conversores;
			sourceTree = "<group>";
		};
/* End PBXGroup section */

/* Begin PBXNativeTarget section */
		8F5666F9240300D5000B6DEB /* Conversores */ = {
			isa = PBXNativeTarget;
			buildConfigurationList = 8F56670E240300D7000B6DEB /* Build configuration list for PBXNativeTarget "Conversores" */;
			buildPhases = (
				8F5666F6240300D5000B6DEB /* Sources */,
				8F5666F7240300D5000B6DEB /* Frameworks */,
				8F5666F8240300D5000B6DEB /* Resources */,
			);
			buildRules = (
			);
			dependencies = (
			);
			name = Conversores;
			productName = Conversores;
			productReference = 8F5666FA240300D5000B6DEB /* Conversores.app */;
			productType = "com.apple.product-type.application";
		};
/* End PBXNativeTarget section */

/* Begin PBXProject section */
		8F5666F2240300D5000B6DEB /* Project object */ = {
			isa = PBXProject;
			attributes = {
				LastSwiftUpdateCheck = 1130;
				LastUpgradeCheck = 1130;
				ORGANIZATIONNAME = "Luan Coleto";
				TargetAttributes = {
					8F5666F9240300D5000B6DEB = {
						CreatedOnToolsVersion = 11.3.1;
					};
				};
			};
			buildConfigurationList = 8F5666F5240300D5000B6DEB /* Build configuration list for PBXProject "Conversores" */;
			compatibilityVersion = "Xcode 9.3";
			developmentRegion = en;
			hasScannedForEncodings = 0;
			knownRegions = (
				en,
				Base,
			);
			mainGroup = 8F5666F1240300D5000B6DEB;
			productRefGroup = 8F5666FB240300D5000B6DEB /* Products */;
			projectDirPath = "";
			projectRoot = "";
			targets = (
				8F5666F9240300D5000B6DEB /* Conversores */,
			);
		};
/* End PBXProject section */

/* Begin PBXResourcesBuildPhase section */
		8F5666F8240300D5000B6DEB /* Resources */ = {
			isa = PBXResourcesBuildPhase;
			buildActionMask = 2147483647;
			files = (
				8F56670A240300D7000B6DEB /* LaunchScreen.storyboard in Resources */,
				8F566707240300D7000B6DEB /* Assets.xcassets in Resources */,
				8F566705240300D5000B6DEB /* Main.storyboard in Resources */,
			);
			runOnlyForDeploymentPostprocessing = 0;
		};
/* End PBXResourcesBuildPhase section */

/* Begin PBXSourcesBuildPhase section */
		8F5666F6240300D5000B6DEB /* Sources */ = {
			isa = PBXSourcesBuildPhase;
			buildActionMask = 2147483647;
			files = (
				8F566702240300D5000B6DEB /* ViewController.swift in Sources */,
				8F5666FE240300D5000B6DEB /* AppDelegate.swift in Sources */,
				8F566700240300D5000B6DEB /* SceneDelegate.swift in Sources */,
			);
			runOnlyForDeploymentPostprocessing = 0;
		};
/* End PBXSourcesBuildPhase section */

/* Begin PBXVariantGroup section */
		8F566703240300D5000B6DEB /* Main.storyboard */ = {
			isa = PBXVariantGroup;
			children = (
				8F566704240300D5000B6DEB /* Base */,
			);
			name = Main.storyboard;
			sourceTree = "<group>";
		};
		8F566708240300D7000B6DEB /* LaunchScreen.storyboard */ = {
			isa = PBXVariantGroup;
			children = (
				8F566709240300D7000B6DEB /* Base */,
			);
			name = LaunchScreen.storyboard;
			sourceTree = "<group>";
		};
/* End PBXVariantGroup section */

/* Begin XCBuildConfiguration section */
		8F56670C240300D7000B6DEB /* Debug */ = {
			isa = XCBuildConfiguration;
			buildSettings = {
				ALWAYS_SEARCH_USER_PATHS = NO;
				CLANG_ANALYZER_NONNULL = YES;
				CLANG_ANALYZER_NUMBER_OBJECT_CONVERSION = YES_AGGRESSIVE;
				CLANG_CXX_LANGUAGE_STANDARD = "gnu++14";
				CLANG_CXX_LIBRARY = "libc++";
				CLANG_ENABLE_MODULES = YES;
				CLANG_ENABLE_OBJC_ARC = YES;
				CLANG_ENABLE_OBJC_WEAK = YES;
				CLANG_WARN_BLOCK_CAPTURE_AUTORELEASING = YES;
				CLANG_WARN_BOOL_CONVERSION = YES;
				CLANG_WARN_COMMA = YES;
				CLANG_WARN_CONSTANT_CONVERSION = YES;
				CLANG_WARN_DEPRECATED_OBJC_IMPLEMENTATIONS = YES;
				CLANG_WARN_DIRECT_OBJC_ISA_USAGE = YES_ERROR;
				CLANG_WARN_DOCUMENTATION_COMMENTS = YES;
				CLANG_WARN_EMPTY_BODY = YES;
				CLANG_WARN_ENUM_CONVERSION = YES;
				CLANG_WARN_INFINITE_RECURSION = YES;
				CLANG_WARN_INT_CONVERSION = YES;
				CLANG_WARN_NON_LITERAL_NULL_CONVERSION = YES;
				CLANG_WARN_OBJC_IMPLICIT_RETAIN_SELF = YES;
				CLANG_WARN_OBJC_LITERAL_CONVERSION = YES;
				CLANG_WARN_OBJC_ROOT_CLASS = YES_ERROR;
				CLANG_WARN_RANGE_LOOP_ANALYSIS = YES;
				CLANG_WARN_STRICT_PROTOTYPES = YES;
				CLANG_WARN_SUSPICIOUS_MOVE = YES;
				CLANG_WARN_UNGUARDED_AVAILABILITY = YES_AGGRESSIVE;
				CLANG_WARN_UNREACHABLE_CODE = YES;
				CLANG_WARN__DUPLICATE_METHOD_MATCH = YES;
				COPY_PHASE_STRIP = NO;
				DEBUG_INFORMATION_FORMAT = dwarf;
				ENABLE_STRICT_OBJC_MSGSEND = YES;
				ENABLE_TESTABILITY = YES;
				GCC_C_LANGUAGE_STANDARD = gnu11;
				GCC_DYNAMIC_NO_PIC = NO;
				GCC_NO_COMMON_BLOCKS = YES;
				GCC_OPTIMIZATION_LEVEL = 0;
				GCC_PREPROCESSOR_DEFINITIONS = (
					"DEBUG=1",
					"$(inherited)",
				);
				GCC_WARN_64_TO_32_BIT_CONVERSION = YES;
				GCC_WARN_ABOUT_RETURN_TYPE = YES_ERROR;
				GCC_WARN_UNDECLARED_SELECTOR = YES;
				GCC_WARN_UNINITIALIZED_AUTOS = YES_AGGRESSIVE;
				GCC_WARN_UNUSED_FUNCTION = YES;
				GCC_WARN_UNUSED_VARIABLE = YES;
				IPHONEOS_DEPLOYMENT_TARGET = 13.2;
				MTL_ENABLE_DEBUG_INFO = INCLUDE_SOURCE;
				MTL_FAST_MATH = YES;
				ONLY_ACTIVE_ARCH = YES;
				SDKROOT = iphoneos;
				SWIFT_ACTIVE_COMPILATION_CONDITIONS = DEBUG;
				SWIFT_OPTIMIZATION_LEVEL = "-Onone";
			};
			name = Debug;
		};
		8F56670D240300D7000B6DEB /* Release */ = {
			isa = XCBuildConfiguration;
			buildSettings = {
				ALWAYS_SEARCH_USER_PATHS = NO;
				CLANG_ANALYZER_NONNULL = YES;
				CLANG_ANALYZER_NUMBER_OBJECT_CONVERSION = YES_AGGRESSIVE;
				CLANG_CXX_LANGUAGE_STANDARD = "gnu++14";
				CLANG_CXX_LIBRARY = "libc++";
				CLANG_ENABLE_MODULES = YES;
				CLANG_ENABLE_OBJC_ARC = YES;
				CLANG_ENABLE_OBJC_WEAK = YES;
				CLANG_WARN_BLOCK_CAPTURE_AUTORELEASING = YES;
				CLANG_WARN_BOOL_CONVERSION = YES;
				CLANG_WARN_COMMA = YES;
				CLANG_WARN_CONSTANT_CONVERSION = YES;
				CLANG_WARN_DEPRECATED_OBJC_IMPLEMENTATIONS = YES;
				CLANG_WARN_DIRECT_OBJC_ISA_USAGE = YES_ERROR;
				CLANG_WARN_DOCUMENTATION_COMMENTS = YES;
				CLANG_WARN_EMPTY_BODY = YES;
				CLANG_WARN_ENUM_CONVERSION = YES;
				CLANG_WARN_INFINITE_RECURSION = YES;
				CLANG_WARN_INT_CONVERSION = YES;
				CLANG_WARN_NON_LITERAL_NULL_CONVERSION = YES;
				CLANG_WARN_OBJC_IMPLICIT_RETAIN_SELF = YES;
				CLANG_WARN_OBJC_LITERAL_CONVERSION = YES;
				CLANG_WARN_OBJC_ROOT_CLASS = YES_ERROR;
				CLANG_WARN_RANGE_LOOP_ANALYSIS = YES;
				CLANG_WARN_STRICT_PROTOTYPES = YES;
				CLANG_WARN_SUSPICIOUS_MOVE = YES;
				CLANG_WARN_UNGUARDED_AVAILABILITY = YES_AGGRESSIVE;
				CLANG_WARN_UNREACHABLE_CODE = YES;
				CLANG_WARN__DUPLICATE_METHOD_MATCH = YES;
				COPY_PHASE_STRIP = NO;
				DEBUG_INFORMATION_FORMAT = "dwarf-with-dsym";
				ENABLE_NS_ASSERTIONS = NO;
				ENABLE_STRICT_OBJC_MSGSEND = YES;
				GCC_C_LANGUAGE_STANDARD = gnu11;
				GCC_NO_COMMON_BLOCKS = YES;
				GCC_WARN_64_TO_32_BIT_CONVERSION = YES;
				GCC_WARN_ABOUT_RETURN_TYPE = YES_ERROR;
				GCC_WARN_UNDECLARED_SELECTOR = YES;
				GCC_WARN_UNINITIALIZED_AUTOS = YES_AGGRESSIVE;
				GCC_WARN_UNUSED_FUNCTION = YES;
				GCC_WARN_UNUSED_VARIABLE = YES;
				IPHONEOS_DEPLOYMENT_TARGET = 13.2;
				MTL_ENABLE_DEBUG_INFO = NO;
				MTL_FAST_MATH = YES;
				SDKROOT = iphoneos;
				SWIFT_COMPILATION_MODE = wholemodule;
				SWIFT_OPTIMIZATION_LEVEL = "-O";
				VALIDATE_PRODUCT = YES;
			};
			name = Release;
		};
		8F56670F240300D7000B6DEB /* Debug */ = {
			isa = XCBuildConfiguration;
			buildSettings = {
				ASSETCATALOG_COMPILER_APPICON_NAME = AppIcon;
				CODE_SIGN_STYLE = Automatic;
				DEVELOPMENT_TEAM = FGTQGF7JBM;
				INFOPLIST_FILE = Conversores/Info.plist;
				LD_RUNPATH_SEARCH_PATHS = (
					"$(inherited)",
					"@executable_path/Frameworks",
				);
				PRODUCT_BUNDLE_IDENTIFIER = br.com.luancoleto.Conversores;
				PRODUCT_NAME = "$(TARGET_NAME)";
				SWIFT_VERSION = 5.0;
				TARGETED_DEVICE_FAMILY = "1,2";
			};
			name = Debug;
		};
		8F566710240300D7000B6DEB /* Release */ = {
			isa = XCBuildConfiguration;
			buildSettings = {
				ASSETCATALOG_COMPILER_APPICON_NAME = AppIcon;
				CODE_SIGN_STYLE = Automatic;
				DEVELOPMENT_TEAM = FGTQGF7JBM;
				INFOPLIST_FILE = Conversores/Info.plist;
				LD_RUNPATH_SEARCH_PATHS = (
					"$(inherited)",
					"@executable_path/Frameworks",
				);
				PRODUCT_BUNDLE_IDENTIFIER = br.com.luancoleto.Conversores;
				PRODUCT_NAME = "$(TARGET_NAME)";
				SWIFT_VERSION = 5.0;
				TARGETED_DEVICE_FAMILY = "1,2";
			};
			name = Release;
		};
/* End XCBuildConfiguration section */

/* Begin XCConfigurationList section */
		8F5666F5240300D5000B6DEB /* Build configuration list for PBXProject "Conversores" */ = {
			isa = XCConfigurationList;
			buildConfigurations = (
				8F56670C240300D7000B6DEB /* Debug */,
				8F56670D240300D7000B6DEB /* Release */,
			);
			defaultConfigurationIsVisible = 0;
			defaultConfigurationName = Release;
		};
		8F56670E240300D7000B6DEB /* Build configuration list for PBXNativeTarget "Conversores" */ = {
			isa = XCConfigurationList;
			buildConfigurations = (
				8F56670F240300D7000B6DEB /* Debug */,
				8F566710240300D7000B6DEB /* Release */,
			);
			defaultConfigurationIsVisible = 0;
			defaultConfigurationName = Release;
		};
/* End XCConfigurationList section */
	};
	rootObject = 8F5666F2240300D5000B6DEB /* Project object */;
}
